
Microsoft Visual Studio Solution File, Format Version 12.00
Project("{FAE04EC0-301F-11D3-BF4B-00C04F79EFBC}") = "MicroAnalyzer", "MicroAnalyzer\MicroAnalyzer.csproj", "{634B75F0-17B5-42F0-AEF1-35E8D4D658D9}"
EndProject
Global
	GlobalSection(SolutionConfigurationPlatforms) = preSolution
		Debug|Any CPU = Debug|Any CPU
		Release|Any CPU = Release|Any CPU
	EndGlobalSection
	GlobalSection(ProjectConfigurationPlatforms) = postSolution
		{634B75F0-17B5-42F0-AEF1-35E8D4D658D9}.Debug|Any CPU.ActiveCfg = Debug|Any CPU
		{634B75F0-17B5-42F0-AEF1-35E8D4D658D9}.Debug|Any CPU.Build.0 = Debug|Any CPU
		{634B75F0-17B5-42F0-AEF1-35E8D4D658D9}.Release|Any CPU.ActiveCfg = Release|Any CPU
		{634B75F0-17B5-42F0-AEF1-35E8D4D658D9}.Release|Any CPU.Build.0 = Release|Any CPU
	EndGlobalSection
EndGlobal
